
Microsoft Visual Studio Solution File, Format Version 12.00
# Visual Studio Version 16
VisualStudioVersion = 16.0.30611.23
MinimumVisualStudioVersion = 10.0.40219.1
Project("{FAE04EC0-301F-11D3-BF4B-00C04F79EFBC}") = "LearningBlazor.Server", "LearningBlazor\Server\LearningBlazor.Server.csproj", "{718543A8-6F78-4323-AAF4-2B6680379DE1}"
EndProject
Project("{FAE04EC0-301F-11D3-BF4B-00C04F79EFBC}") = "LearningBlazor.Client", "LearningBlazor\Client\LearningBlazor.Client.csproj", "{FC86CE64-20A1-40F1-8658-26268F842D6B}"
EndProject
Project("{FAE04EC0-301F-11D3-BF4B-00C04F79EFBC}") = "LearningBlazor.Shared", "LearningBlazor\Shared\LearningBlazor.Shared.csproj", "{5A5EC305-C536-4668-9C0A-87F4D78F0A8B}"
EndProject
Global
	GlobalSection(SolutionConfigurationPlatforms) = preSolution
		Debug|Any CPU = Debug|Any CPU
		Release|Any CPU = Release|Any CPU
	EndGlobalSection
	GlobalSection(ProjectConfigurationPlatforms) = postSolution
		{718543A8-6F78-4323-AAF4-2B6680379DE1}.Debug|Any CPU.ActiveCfg = Debug|Any CPU
		{718543A8-6F78-4323-AAF4-2B6680379DE1}.Debug|Any CPU.Build.0 = Debug|Any CPU
		{718543A8-6F78-4323-AAF4-2B6680379DE1}.Release|Any CPU.ActiveCfg = Release|Any CPU
		{718543A8-6F78-4323-AAF4-2B6680379DE1}.Release|Any CPU.Build.0 = Release|Any CPU
		{FC86CE64-20A1-40F1-8658-26268F842D6B}.Debug|Any CPU.ActiveCfg = Debug|Any CPU
		{FC86CE64-20A1-40F1-8658-26268F842D6B}.Debug|Any CPU.Build.0 = Debug|Any CPU
		{FC86CE64-20A1-40F1-8658-26268F842D6B}.Release|Any CPU.ActiveCfg = Release|Any CPU
		{FC86CE64-20A1-40F1-8658-26268F842D6B}.Release|Any CPU.Build.0 = Release|Any CPU
		{5A5EC305-C536-4668-9C0A-87F4D78F0A8B}.Debug|Any CPU.ActiveCfg = Debug|Any CPU
		{5A5EC305-C536-4668-9C0A-87F4D78F0A8B}.Debug|Any CPU.Build.0 = Debug|Any CPU
		{5A5EC305-C536-4668-9C0A-87F4D78F0A8B}.Release|Any CPU.ActiveCfg = Release|Any CPU
		{5A5EC305-C536-4668-9C0A-87F4D78F0A8B}.Release|Any CPU.Build.0 = Release|Any CPU
	EndGlobalSection
	GlobalSection(SolutionProperties) = preSolution
		HideSolutionNode = FALSE
	EndGlobalSection
	GlobalSection(ExtensibilityGlobals) = postSolution
		SolutionGuid = {D78410C3-FD75-4E04-B958-F3E2AF155424}
	EndGlobalSection
EndGlobal
